
Microsoft Visual Studio Solution File, Format Version 12.00
# Visual Studio 15
VisualStudioVersion = 15.0.28307.106
MinimumVisualStudioVersion = 10.0.40219.1
Project("{FAE04EC0-301F-11D3-BF4B-00C04F79EFBC}") = "LanguageCenter", "LanguageCenter\LanguageCenter.csproj", "{A973A2D3-C827-4BDC-A96A-C80350B445B2}"
EndProject
Project("{FAE04EC0-301F-11D3-BF4B-00C04F79EFBC}") = "BLL", "BLL\BLL.csproj", "{32B059F2-C7E5-470B-8F49-D9D9089D4F89}"
EndProject
Project("{FAE04EC0-301F-11D3-BF4B-00C04F79EFBC}") = "DAL", "DAL\DAL.csproj", "{6F7C7180-4812-4210-9C86-6EEB999D2C09}"
EndProject
Project("{FAE04EC0-301F-11D3-BF4B-00C04F79EFBC}") = "DataStructure", "DataStructure\DataStructure.csproj", "{8DF442B7-CED3-463A-9CAE-4EED63E2241B}"
EndProject
Global
	GlobalSection(SolutionConfigurationPlatforms) = preSolution
		Debug|Any CPU = Debug|Any CPU
		Release|Any CPU = Release|Any CPU
	EndGlobalSection
	GlobalSection(ProjectConfigurationPlatforms) = postSolution
		{A973A2D3-C827-4BDC-A96A-C80350B445B2}.Debug|Any CPU.ActiveCfg = Debug|Any CPU
		{A973A2D3-C827-4BDC-A96A-C80350B445B2}.Debug|Any CPU.Build.0 = Debug|Any CPU
		{A973A2D3-C827-4BDC-A96A-C80350B445B2}.Release|Any CPU.ActiveCfg = Release|Any CPU
		{A973A2D3-C827-4BDC-A96A-C80350B445B2}.Release|Any CPU.Build.0 = Release|Any CPU
		{32B059F2-C7E5-470B-8F49-D9D9089D4F89}.Debug|Any CPU.ActiveCfg = Debug|Any CPU
		{32B059F2-C7E5-470B-8F49-D9D9089D4F89}.Debug|Any CPU.Build.0 = Debug|Any CPU
		{32B059F2-C7E5-470B-8F49-D9D9089D4F89}.Release|Any CPU.ActiveCfg = Release|Any CPU
		{32B059F2-C7E5-470B-8F49-D9D9089D4F89}.Release|Any CPU.Build.0 = Release|Any CPU
		{6F7C7180-4812-4210-9C86-6EEB999D2C09}.Debug|Any CPU.ActiveCfg = Debug|Any CPU
		{6F7C7180-4812-4210-9C86-6EEB999D2C09}.Debug|Any CPU.Build.0 = Debug|Any CPU
		{6F7C7180-4812-4210-9C86-6EEB999D2C09}.Release|Any CPU.ActiveCfg = Release|Any CPU
		{6F7C7180-4812-4210-9C86-6EEB999D2C09}.Release|Any CPU.Build.0 = Release|Any CPU
		{8DF442B7-CED3-463A-9CAE-4EED63E2241B}.Debug|Any CPU.ActiveCfg = Debug|Any CPU
		{8DF442B7-CED3-463A-9CAE-4EED63E2241B}.Debug|Any CPU.Build.0 = Debug|Any CPU
		{8DF442B7-CED3-463A-9CAE-4EED63E2241B}.Release|Any CPU.ActiveCfg = Release|Any CPU
		{8DF442B7-CED3-463A-9CAE-4EED63E2241B}.Release|Any CPU.Build.0 = Release|Any CPU
	EndGlobalSection
	GlobalSection(SolutionProperties) = preSolution
		HideSolutionNode = FALSE
	EndGlobalSection
	GlobalSection(ExtensibilityGlobals) = postSolution
		SolutionGuid = {76102579-CD40-4FAA-94E2-83F36572D27D}
	EndGlobalSection
EndGlobal
